
Microsoft Visual Studio Solution File, Format Version 12.00
# Visual Studio Version 17
VisualStudioVersion = 17.8.34322.80
MinimumVisualStudioVersion = 10.0.40219.1
Project("{8BC9CEB8-8B4A-11D0-8D11-00A0C91BC942}") = "AlgLab1", "AlgLab1\AlgLab1.vcxproj", "{11D7A697-B63D-4D79-BC36-FA3EC03EAF5D}"
EndProject
Project("{8BC9CEB8-8B4A-11D0-8D11-00A0C91BC942}") = "Lab1", "Lab1\Lab1.vcxproj", "{095F8642-A5EA-4963-B611-D139C64BD46E}"
EndProject
Project("{8BC9CEB8-8B4A-11D0-8D11-00A0C91BC942}") = "Lab2", "Lab2\Lab2.vcxproj", "{84FA99F8-32EA-47EC-8183-A490C40C4040}"
EndProject
Project("{8BC9CEB8-8B4A-11D0-8D11-00A0C91BC942}") = "Lab3", "Lab3\Lab3.vcxproj", "{65937D0F-A33C-4291-B4A6-310CC1B33593}"
EndProject
Project("{8BC9CEB8-8B4A-11D0-8D11-00A0C91BC942}") = "Lab4", "Lab4\Lab4.vcxproj", "{FD42361F-C844-4258-AE7F-64B2DCE64295}"
EndProject
Project("{8BC9CEB8-8B4A-11D0-8D11-00A0C91BC942}") = "Lab5", "Lab5\Lab5.vcxproj", "{86EE5AAC-13E0-44ED-8F03-23F6E7D85177}"
EndProject
Project("{8BC9CEB8-8B4A-11D0-8D11-00A0C91BC942}") = "Lab6_chaining", "Lab6_correct\Lab6_correct.vcxproj", "{24589738-FDBE-44E3-BB67-6C89695956B1}"
EndProject
Project("{8BC9CEB8-8B4A-11D0-8D11-00A0C91BC942}") = "lab6_open_addressing", "lab6_open_addressing\lab6_open_addressing.vcxproj", "{8AAACD85-909D-4161-B01E-FFB91E0EBDC8}"
EndProject
Global
	GlobalSection(SolutionConfigurationPlatforms) = preSolution
		Debug|x64 = Debug|x64
		Debug|x86 = Debug|x86
		Release|x64 = Release|x64
		Release|x86 = Release|x86
	EndGlobalSection
	GlobalSection(ProjectConfigurationPlatforms) = postSolution
		{11D7A697-B63D-4D79-BC36-FA3EC03EAF5D}.Debug|x64.ActiveCfg = Debug|x64
		{11D7A697-B63D-4D79-BC36-FA3EC03EAF5D}.Debug|x64.Build.0 = Debug|x64
		{11D7A697-B63D-4D79-BC36-FA3EC03EAF5D}.Debug|x86.ActiveCfg = Debug|Win32
		{11D7A697-B63D-4D79-BC36-FA3EC03EAF5D}.Debug|x86.Build.0 = Debug|Win32
		{11D7A697-B63D-4D79-BC36-FA3EC03EAF5D}.Release|x64.ActiveCfg = Release|x64
		{11D7A697-B63D-4D79-BC36-FA3EC03EAF5D}.Release|x64.Build.0 = Release|x64
		{11D7A697-B63D-4D79-BC36-FA3EC03EAF5D}.Release|x86.ActiveCfg = Release|Win32
		{11D7A697-B63D-4D79-BC36-FA3EC03EAF5D}.Release|x86.Build.0 = Release|Win32
		{095F8642-A5EA-4963-B611-D139C64BD46E}.Debug|x64.ActiveCfg = Debug|x64
		{095F8642-A5EA-4963-B611-D139C64BD46E}.Debug|x64.Build.0 = Debug|x64
		{095F8642-A5EA-4963-B611-D139C64BD46E}.Debug|x86.ActiveCfg = Debug|Win32
		{095F8642-A5EA-4963-B611-D139C64BD46E}.Debug|x86.Build.0 = Debug|Win32
		{095F8642-A5EA-4963-B611-D139C64BD46E}.Release|x64.ActiveCfg = Release|x64
		{095F8642-A5EA-4963-B611-D139C64BD46E}.Release|x64.Build.0 = Release|x64
		{095F8642-A5EA-4963-B611-D139C64BD46E}.Release|x86.ActiveCfg = Release|Win32
		{095F8642-A5EA-4963-B611-D139C64BD46E}.Release|x86.Build.0 = Release|Win32
		{84FA99F8-32EA-47EC-8183-A490C40C4040}.Debug|x64.ActiveCfg = Debug|x64
		{84FA99F8-32EA-47EC-8183-A490C40C4040}.Debug|x64.Build.0 = Debug|x64
		{84FA99F8-32EA-47EC-8183-A490C40C4040}.Debug|x86.ActiveCfg = Debug|Win32
		{84FA99F8-32EA-47EC-8183-A490C40C4040}.Debug|x86.Build.0 = Debug|Win32
		{84FA99F8-32EA-47EC-8183-A490C40C4040}.Release|x64.ActiveCfg = Release|x64
		{84FA99F8-32EA-47EC-8183-A490C40C4040}.Release|x64.Build.0 = Release|x64
		{84FA99F8-32EA-47EC-8183-A490C40C4040}.Release|x86.ActiveCfg = Release|Win32
		{84FA99F8-32EA-47EC-8183-A490C40C4040}.Release|x86.Build.0 = Release|Win32
		{65937D0F-A33C-4291-B4A6-310CC1B33593}.Debug|x64.ActiveCfg = Debug|x64
		{65937D0F-A33C-4291-B4A6-310CC1B33593}.Debug|x64.Build.0 = Debug|x64
		{65937D0F-A33C-4291-B4A6-310CC1B33593}.Debug|x86.ActiveCfg = Debug|Win32
		{65937D0F-A33C-4291-B4A6-310CC1B33593}.Debug|x86.Build.0 = Debug|Win32
		{65937D0F-A33C-4291-B4A6-310CC1B33593}.Release|x64.ActiveCfg = Release|x64
		{65937D0F-A33C-4291-B4A6-310CC1B33593}.Release|x64.Build.0 = Release|x64
		{65937D0F-A33C-4291-B4A6-310CC1B33593}.Release|x86.ActiveCfg = Release|Win32
		{65937D0F-A33C-4291-B4A6-310CC1B33593}.Release|x86.Build.0 = Release|Win32
		{FD42361F-C844-4258-AE7F-64B2DCE64295}.Debug|x64.ActiveCfg = Debug|x64
		{FD42361F-C844-4258-AE7F-64B2DCE64295}.Debug|x64.Build.0 = Debug|x64
		{FD42361F-C844-4258-AE7F-64B2DCE64295}.Debug|x86.ActiveCfg = Debug|Win32
		{FD42361F-C844-4258-AE7F-64B2DCE64295}.Debug|x86.Build.0 = Debug|Win32
		{FD42361F-C844-4258-AE7F-64B2DCE64295}.Release|x64.ActiveCfg = Release|x64
		{FD42361F-C844-4258-AE7F-64B2DCE64295}.Release|x64.Build.0 = Release|x64
		{FD42361F-C844-4258-AE7F-64B2DCE64295}.Release|x86.ActiveCfg = Release|Win32
		{FD42361F-C844-4258-AE7F-64B2DCE64295}.Release|x86.Build.0 = Release|Win32
		{86EE5AAC-13E0-44ED-8F03-23F6E7D85177}.Debug|x64.ActiveCfg = Debug|x64
		{86EE5AAC-13E0-44ED-8F03-23F6E7D85177}.Debug|x64.Build.0 = Debug|x64
		{86EE5AAC-13E0-44ED-8F03-23F6E7D85177}.Debug|x86.ActiveCfg = Debug|Win32
		{86EE5AAC-13E0-44ED-8F03-23F6E7D85177}.Debug|x86.Build.0 = Debug|Win32
		{86EE5AAC-13E0-44ED-8F03-23F6E7D85177}.Release|x64.ActiveCfg = Release|x64
		{86EE5AAC-13E0-44ED-8F03-23F6E7D85177}.Release|x64.Build.0 = Release|x64
		{86EE5AAC-13E0-44ED-8F03-23F6E7D85177}.Release|x86.ActiveCfg = Release|Win32
		{86EE5AAC-13E0-44ED-8F03-23F6E7D85177}.Release|x86.Build.0 = Release|Win32
		{24589738-FDBE-44E3-BB67-6C89695956B1}.Debug|x64.ActiveCfg = Debug|x64
		{24589738-FDBE-44E3-BB67-6C89695956B1}.Debug|x64.Build.0 = Debug|x64
		{24589738-FDBE-44E3-BB67-6C89695956B1}.Debug|x86.ActiveCfg = Debug|Win32
		{24589738-FDBE-44E3-BB67-6C89695956B1}.Debug|x86.Build.0 = Debug|Win32
		{24589738-FDBE-44E3-BB67-6C89695956B1}.Release|x64.ActiveCfg = Release|x64
		{24589738-FDBE-44E3-BB67-6C89695956B1}.Release|x64.Build.0 = Release|x64
		{24589738-FDBE-44E3-BB67-6C89695956B1}.Release|x86.ActiveCfg = Release|Win32
		{24589738-FDBE-44E3-BB67-6C89695956B1}.Release|x86.Build.0 = Release|Win32
		{8AAACD85-909D-4161-B01E-FFB91E0EBDC8}.Debug|x64.ActiveCfg = Debug|x64
		{8AAACD85-909D-4161-B01E-FFB91E0EBDC8}.Debug|x64.Build.0 = Debug|x64
		{8AAACD85-909D-4161-B01E-FFB91E0EBDC8}.Debug|x86.ActiveCfg = Debug|Win32
		{8AAACD85-909D-4161-B01E-FFB91E0EBDC8}.Debug|x86.Build.0 = Debug|Win32
		{8AAACD85-909D-4161-B01E-FFB91E0EBDC8}.Release|x64.ActiveCfg = Release|x64
		{8AAACD85-909D-4161-B01E-FFB91E0EBDC8}.Release|x64.Build.0 = Release|x64
		{8AAACD85-909D-4161-B01E-FFB91E0EBDC8}.Release|x86.ActiveCfg = Release|Win32
		{8AAACD85-909D-4161-B01E-FFB91E0EBDC8}.Release|x86.Build.0 = Release|Win32
	EndGlobalSection
	GlobalSection(SolutionProperties) = preSolution
		HideSolutionNode = FALSE
	EndGlobalSection
	GlobalSection(ExtensibilityGlobals) = postSolution
		SolutionGuid = {A3A65E1C-4058-4F4D-B57A-84415ADCC036}
	EndGlobalSection
EndGlobal
